// !$*UTF8*$!
{
	archiveVersion = 1;
	classes = {
	};
	objectVersion = 50;
	objects = {

/* Begin PBXBuildFile section */
		EE53354824ABAEB100E30C27 /* AppDelegate.swift in Sources */ = {isa = PBXBuildFile; fileRef = EE53354724ABAEB100E30C27 /* AppDelegate.swift */; };
		EE53354A24ABAEB100E30C27 /* SceneDelegate.swift in Sources */ = {isa = PBXBuildFile; fileRef = EE53354924ABAEB100E30C27 /* SceneDelegate.swift */; };
		EE53354C24ABAEB100E30C27 /* ViewController.swift in Sources */ = {isa = PBXBuildFile; fileRef = EE53354B24ABAEB100E30C27 /* ViewController.swift */; };
		EE53354F24ABAEB100E30C27 /* Main.storyboard in Resources */ = {isa = PBXBuildFile; fileRef = EE53354D24ABAEB100E30C27 /* Main.storyboard */; };
		EE53355224ABAEB100E30C27 /* AppCD.xcdatamodeld in Sources */ = {isa = PBXBuildFile; fileRef = EE53355024ABAEB100E30C27 /* AppCD.xcdatamodeld */; };
		EE53355424ABAEB400E30C27 /* Assets.xcassets in Resources */ = {isa = PBXBuildFile; fileRef = EE53355324ABAEB400E30C27 /* Assets.xcassets */; };
		EE53355724ABAEB400E30C27 /* LaunchScreen.storyboard in Resources */ = {isa = PBXBuildFile; fileRef = EE53355524ABAEB400E30C27 /* LaunchScreen.storyboard */; };
/* End PBXBuildFile section */

/* Begin PBXFileReference section */
		EE53354424ABAEB100E30C27 /* AppCD.app */ = {isa = PBXFileReference; explicitFileType = wrapper.application; includeInIndex = 0; path = AppCD.app; sourceTree = BUILT_PRODUCTS_DIR; };
		EE53354724ABAEB100E30C27 /* AppDelegate.swift */ = {isa = PBXFileReference; lastKnownFileType = sourcecode.swift; path = AppDelegate.swift; sourceTree = "<group>"; };
		EE53354924ABAEB100E30C27 /* SceneDelegate.swift */ = {isa = PBXFileReference; lastKnownFileType = sourcecode.swift; path = SceneDelegate.swift; sourceTree = "<group>"; };
		EE53354B24ABAEB100E30C27 /* ViewController.swift */ = {isa = PBXFileReference; lastKnownFileType = sourcecode.swift; path = ViewController.swift; sourceTree = "<group>"; };
		EE53354E24ABAEB100E30C27 /* Base */ = {isa = PBXFileReference; lastKnownFileType = file.storyboard; name = Base; path = Base.lproj/Main.storyboard; sourceTree = "<group>"; };
		EE53355124ABAEB100E30C27 /* AppCD.xcdatamodel */ = {isa = PBXFileReference; lastKnownFileType = wrapper.xcdatamodel; path = AppCD.xcdatamodel; sourceTree = "<group>"; };
		EE53355324ABAEB400E30C27 /* Assets.xcassets */ = {isa = PBXFileReference; lastKnownFileType = folder.assetcatalog; path = Assets.xcassets; sourceTree = "<group>"; };
		EE53355624ABAEB400E30C27 /* Base */ = {isa = PBXFileReference; lastKnownFileType = file.storyboard; name = Base; path = Base.lproj/LaunchScreen.storyboard; sourceTree = "<group>"; };
		EE53355824ABAEB400E30C27 /* Info.plist */ = {isa = PBXFileReference; lastKnownFileType = text.plist.xml; path = Info.plist; sourceTree = "<group>"; };
/* End PBXFileReference section */

/* Begin PBXFrameworksBuildPhase section */
		EE53354124ABAEB100E30C27 /* Frameworks */ = {
			isa = PBXFrameworksBuildPhase;
			buildActionMask = 2147483647;
			files = (
			);
			runOnlyForDeploymentPostprocessing = 0;
		};
/* End PBXFrameworksBuildPhase section */

/* Begin PBXGroup section */
		EE53353B24ABAEB100E30C27 = {
			isa = PBXGroup;
			children = (
				EE53354624ABAEB100E30C27 /* AppCD */,
				EE53354524ABAEB100E30C27 /* Products */,
			);
			sourceTree = "<group>";
		};
		EE53354524ABAEB100E30C27 /* Products */ = {
			isa = PBXGroup;
			children = (
				EE53354424ABAEB100E30C27 /* AppCD.app */,
			);
			name = Products;
			sourceTree = "<group>";
		};
		EE53354624ABAEB100E30C27 /* AppCD */ = {
			isa = PBXGroup;
			children = (
				EE53354724ABAEB100E30C27 /* AppDelegate.swift */,
				EE53354924ABAEB100E30C27 /* SceneDelegate.swift */,
				EE53354B24ABAEB100E30C27 /* ViewController.swift */,
				EE53354D24ABAEB100E30C27 /* Main.storyboard */,
				EE53355324ABAEB400E30C27 /* Assets.xcassets */,
				EE53355524ABAEB400E30C27 /* LaunchScreen.storyboard */,
				EE53355824ABAEB400E30C27 /* Info.plist */,
				EE53355024ABAEB100E30C27 /* AppCD.xcdatamodeld */,
			);
			path = AppCD;
			sourceTree = "<group>";
		};
/* End PBXGroup section */

/* Begin PBXNativeTarget section */
		EE53354324ABAEB100E30C27 /* AppCD */ = {
			isa = PBXNativeTarget;
			buildConfigurationList = EE53355B24ABAEB400E30C27 /* Build configuration list for PBXNativeTarget "AppCD" */;
			buildPhases = (
				EE53354024ABAEB100E30C27 /* Sources */,
				EE53354124ABAEB100E30C27 /* Frameworks */,
				EE53354224ABAEB100E30C27 /* Resources */,
			);
			buildRules = (
			);
			dependencies = (
			);
			name = AppCD;
			productName = AppCD;
			productReference = EE53354424ABAEB100E30C27 /* AppCD.app */;
			productType = "com.apple.product-type.application";
		};
/* End PBXNativeTarget section */

/* Begin PBXProject section */
		EE53353C24ABAEB100E30C27 /* Project object */ = {
			isa = PBXProject;
			attributes = {
				LastSwiftUpdateCheck = 1140;
				LastUpgradeCheck = 1140;
				ORGANIZATIONNAME = "Кирилл Крамар";
				TargetAttributes = {
					EE53354324ABAEB100E30C27 = {
						CreatedOnToolsVersion = 11.4;
					};
				};
			};
			buildConfigurationList = EE53353F24ABAEB100E30C27 /* Build configuration list for PBXProject "AppCD" */;
			compatibilityVersion = "Xcode 9.3";
			developmentRegion = en;
			hasScannedForEncodings = 0;
			knownRegions = (
				en,
				Base,
			);
			mainGroup = EE53353B24ABAEB100E30C27;
			productRefGroup = EE53354524ABAEB100E30C27 /* Products */;
			projectDirPath = "";
			projectRoot = "";
			targets = (
				EE53354324ABAEB100E30C27 /* AppCD */,
			);
		};
/* End PBXProject section */

/* Begin PBXResourcesBuildPhase section */
		EE53354224ABAEB100E30C27 /* Resources */ = {
			isa = PBXResourcesBuildPhase;
			buildActionMask = 2147483647;
			files = (
				EE53355724ABAEB400E30C27 /* LaunchScreen.storyboard in Resources */,
				EE53355424ABAEB400E30C27 /* Assets.xcassets in Resources */,
				EE53354F24ABAEB100E30C27 /* Main.storyboard in Resources */,
			);
			runOnlyForDeploymentPostprocessing = 0;
		};
/* End PBXResourcesBuildPhase section */

/* Begin PBXSourcesBuildPhase section */
		EE53354024ABAEB100E30C27 /* Sources */ = {
			isa = PBXSourcesBuildPhase;
			buildActionMask = 2147483647;
			files = (
				EE53354C24ABAEB100E30C27 /* ViewController.swift in Sources */,
				EE53354824ABAEB100E30C27 /* AppDelegate.swift in Sources */,
				EE53355224ABAEB100E30C27 /* AppCD.xcdatamodeld in Sources */,
				EE53354A24ABAEB100E30C27 /* SceneDelegate.swift in Sources */,
			);
			runOnlyForDeploymentPostprocessing = 0;
		};
/* End PBXSourcesBuildPhase section */

/* Begin PBXVariantGroup section */
		EE53354D24ABAEB100E30C27 /* Main.storyboard */ = {
			isa = PBXVariantGroup;
			children = (
				EE53354E24ABAEB100E30C27 /* Base */,
			);
			name = Main.storyboard;
			sourceTree = "<group>";
		};
		EE53355524ABAEB400E30C27 /* LaunchScreen.storyboard */ = {
			isa = PBXVariantGroup;
			children = (
				EE53355624ABAEB400E30C27 /* Base */,
			);
			name = LaunchScreen.storyboard;
			sourceTree = "<group>";
		};
/* End PBXVariantGroup section */

/* Begin XCBuildConfiguration section */
		EE53355924ABAEB400E30C27 /* Debug */ = {
			isa = XCBuildConfiguration;
			buildSettings = {
				ALWAYS_SEARCH_USER_PATHS = NO;
				CLANG_ANALYZER_NONNULL = YES;
				CLANG_ANALYZER_NUMBER_OBJECT_CONVERSION = YES_AGGRESSIVE;
				CLANG_CXX_LANGUAGE_STANDARD = "gnu++14";
				CLANG_CXX_LIBRARY = "libc++";
				CLANG_ENABLE_MODULES = YES;
				CLANG_ENABLE_OBJC_ARC = YES;
				CLANG_ENABLE_OBJC_WEAK = YES;
				CLANG_WARN_BLOCK_CAPTURE_AUTORELEASING = YES;
				CLANG_WARN_BOOL_CONVERSION = YES;
				CLANG_WARN_COMMA = YES;
				CLANG_WARN_CONSTANT_CONVERSION = YES;
				CLANG_WARN_DEPRECATED_OBJC_IMPLEMENTATIONS = YES;
				CLANG_WARN_DIRECT_OBJC_ISA_USAGE = YES_ERROR;
				CLANG_WARN_DOCUMENTATION_COMMENTS = YES;
				CLANG_WARN_EMPTY_BODY = YES;
				CLANG_WARN_ENUM_CONVERSION = YES;
				CLANG_WARN_INFINITE_RECURSION = YES;
				CLANG_WARN_INT_CONVERSION = YES;
				CLANG_WARN_NON_LITERAL_NULL_CONVERSION = YES;
				CLANG_WARN_OBJC_IMPLICIT_RETAIN_SELF = YES;
				CLANG_WARN_OBJC_LITERAL_CONVERSION = YES;
				CLANG_WARN_OBJC_ROOT_CLASS = YES_ERROR;
				CLANG_WARN_RANGE_LOOP_ANALYSIS = YES;
				CLANG_WARN_STRICT_PROTOTYPES = YES;
				CLANG_WARN_SUSPICIOUS_MOVE = YES;
				CLANG_WARN_UNGUARDED_AVAILABILITY = YES_AGGRESSIVE;
				CLANG_WARN_UNREACHABLE_CODE = YES;
				CLANG_WARN__DUPLICATE_METHOD_MATCH = YES;
				COPY_PHASE_STRIP = NO;
				DEBUG_INFORMATION_FORMAT = dwarf;
				ENABLE_STRICT_OBJC_MSGSEND = YES;
				ENABLE_TESTABILITY = YES;
				GCC_C_LANGUAGE_STANDARD = gnu11;
				GCC_DYNAMIC_NO_PIC = NO;
				GCC_NO_COMMON_BLOCKS = YES;
				GCC_OPTIMIZATION_LEVEL = 0;
				GCC_PREPROCESSOR_DEFINITIONS = (
					"DEBUG=1",
					"$(inherited)",
				);
				GCC_WARN_64_TO_32_BIT_CONVERSION = YES;
				GCC_WARN_ABOUT_RETURN_TYPE = YES_ERROR;
				GCC_WARN_UNDECLARED_SELECTOR = YES;
				GCC_WARN_UNINITIALIZED_AUTOS = YES_AGGRESSIVE;
				GCC_WARN_UNUSED_FUNCTION = YES;
				GCC_WARN_UNUSED_VARIABLE = YES;
				IPHONEOS_DEPLOYMENT_TARGET = 13.4;
				MTL_ENABLE_DEBUG_INFO = INCLUDE_SOURCE;
				MTL_FAST_MATH = YES;
				ONLY_ACTIVE_ARCH = YES;
				SDKROOT = iphoneos;
				SWIFT_ACTIVE_COMPILATION_CONDITIONS = DEBUG;
				SWIFT_OPTIMIZATION_LEVEL = "-Onone";
			};
			name = Debug;
		};
		EE53355A24ABAEB400E30C27 /* Release */ = {
			isa = XCBuildConfiguration;
			buildSettings = {
				ALWAYS_SEARCH_USER_PATHS = NO;
				CLANG_ANALYZER_NONNULL = YES;
				CLANG_ANALYZER_NUMBER_OBJECT_CONVERSION = YES_AGGRESSIVE;
				CLANG_CXX_LANGUAGE_STANDARD = "gnu++14";
				CLANG_CXX_LIBRARY = "libc++";
				CLANG_ENABLE_MODULES = YES;
				CLANG_ENABLE_OBJC_ARC = YES;
				CLANG_ENABLE_OBJC_WEAK = YES;
				CLANG_WARN_BLOCK_CAPTURE_AUTORELEASING = YES;
				CLANG_WARN_BOOL_CONVERSION = YES;
				CLANG_WARN_COMMA = YES;
				CLANG_WARN_CONSTANT_CONVERSION = YES;
				CLANG_WARN_DEPRECATED_OBJC_IMPLEMENTATIONS = YES;
				CLANG_WARN_DIRECT_OBJC_ISA_USAGE = YES_ERROR;
				CLANG_WARN_DOCUMENTATION_COMMENTS = YES;
				CLANG_WARN_EMPTY_BODY = YES;
				CLANG_WARN_ENUM_CONVERSION = YES;
				CLANG_WARN_INFINITE_RECURSION = YES;
				CLANG_WARN_INT_CONVERSION = YES;
				CLANG_WARN_NON_LITERAL_NULL_CONVERSION = YES;
				CLANG_WARN_OBJC_IMPLICIT_RETAIN_SELF = YES;
				CLANG_WARN_OBJC_LITERAL_CONVERSION = YES;
				CLANG_WARN_OBJC_ROOT_CLASS = YES_ERROR;
				CLANG_WARN_RANGE_LOOP_ANALYSIS = YES;
				CLANG_WARN_STRICT_PROTOTYPES = YES;
				CLANG_WARN_SUSPICIOUS_MOVE = YES;
				CLANG_WARN_UNGUARDED_AVAILABILITY = YES_AGGRESSIVE;
				CLANG_WARN_UNREACHABLE_CODE = YES;
				CLANG_WARN__DUPLICATE_METHOD_MATCH = YES;
				COPY_PHASE_STRIP = NO;
				DEBUG_INFORMATION_FORMAT = "dwarf-with-dsym";
				ENABLE_NS_ASSERTIONS = NO;
				ENABLE_STRICT_OBJC_MSGSEND = YES;
				GCC_C_LANGUAGE_STANDARD = gnu11;
				GCC_NO_COMMON_BLOCKS = YES;
				GCC_WARN_64_TO_32_BIT_CONVERSION = YES;
				GCC_WARN_ABOUT_RETURN_TYPE = YES_ERROR;
				GCC_WARN_UNDECLARED_SELECTOR = YES;
				GCC_WARN_UNINITIALIZED_AUTOS = YES_AGGRESSIVE;
				GCC_WARN_UNUSED_FUNCTION = YES;
				GCC_WARN_UNUSED_VARIABLE = YES;
				IPHONEOS_DEPLOYMENT_TARGET = 13.4;
				MTL_ENABLE_DEBUG_INFO = NO;
				MTL_FAST_MATH = YES;
				SDKROOT = iphoneos;
				SWIFT_COMPILATION_MODE = wholemodule;
				SWIFT_OPTIMIZATION_LEVEL = "-O";
				VALIDATE_PRODUCT = YES;
			};
			name = Release;
		};
		EE53355C24ABAEB400E30C27 /* Debug */ = {
			isa = XCBuildConfiguration;
			buildSettings = {
				ASSETCATALOG_COMPILER_APPICON_NAME = AppIcon;
				CODE_SIGN_STYLE = Automatic;
				INFOPLIST_FILE = AppCD/Info.plist;
				LD_RUNPATH_SEARCH_PATHS = (
					"$(inherited)",
					"@executable_path/Frameworks",
				);
				PRODUCT_BUNDLE_IDENTIFIER = cnecie.AppCD;
				PRODUCT_NAME = "$(TARGET_NAME)";
				SWIFT_VERSION = 5.0;
				TARGETED_DEVICE_FAMILY = "1,2";
			};
			name = Debug;
		};
		EE53355D24ABAEB400E30C27 /* Release */ = {
			isa = XCBuildConfiguration;
			buildSettings = {
				ASSETCATALOG_COMPILER_APPICON_NAME = AppIcon;
				CODE_SIGN_STYLE = Automatic;
				INFOPLIST_FILE = AppCD/Info.plist;
				LD_RUNPATH_SEARCH_PATHS = (
					"$(inherited)",
					"@executable_path/Frameworks",
				);
				PRODUCT_BUNDLE_IDENTIFIER = cnecie.AppCD;
				PRODUCT_NAME = "$(TARGET_NAME)";
				SWIFT_VERSION = 5.0;
				TARGETED_DEVICE_FAMILY = "1,2";
			};
			name = Release;
		};
/* End XCBuildConfiguration section */

/* Begin XCConfigurationList section */
		EE53353F24ABAEB100E30C27 /* Build configuration list for PBXProject "AppCD" */ = {
			isa = XCConfigurationList;
			buildConfigurations = (
				EE53355924ABAEB400E30C27 /* Debug */,
				EE53355A24ABAEB400E30C27 /* Release */,
			);
			defaultConfigurationIsVisible = 0;
			defaultConfigurationName = Release;
		};
		EE53355B24ABAEB400E30C27 /* Build configuration list for PBXNativeTarget "AppCD" */ = {
			isa = XCConfigurationList;
			buildConfigurations = (
				EE53355C24ABAEB400E30C27 /* Debug */,
				EE53355D24ABAEB400E30C27 /* Release */,
			);
			defaultConfigurationIsVisible = 0;
			defaultConfigurationName = Release;
		};
/* End XCConfigurationList section */

/* Begin XCVersionGroup section */
		EE53355024ABAEB100E30C27 /* AppCD.xcdatamodeld */ = {
			isa = XCVersionGroup;
			children = (
				EE53355124ABAEB100E30C27 /* AppCD.xcdatamodel */,
			);
			currentVersion = EE53355124ABAEB100E30C27 /* AppCD.xcdatamodel */;
			path = AppCD.xcdatamodeld;
			sourceTree = "<group>";
			versionGroupType = wrapper.xcdatamodel;
		};
/* End XCVersionGroup section */
	};
	rootObject = EE53353C24ABAEB100E30C27 /* Project object */;
}
